
Microsoft Visual Studio Solution File, Format Version 12.00
# Visual Studio Version 16
VisualStudioVersion = 16.0.30804.86
MinimumVisualStudioVersion = 10.0.40219.1
Project("{9A19103F-16F7-4668-BE54-9A1E7A4F7556}") = "DufflinMunder", "DufflinMunder.csproj", "{E3C18076-0E28-4165-B2C6-D82C49D044CB}"
EndProject
Global
	GlobalSection(SolutionConfigurationPlatforms) = preSolution
		Debug|Any CPU = Debug|Any CPU
		Release|Any CPU = Release|Any CPU
	EndGlobalSection
	GlobalSection(ProjectConfigurationPlatforms) = postSolution
		{E3C18076-0E28-4165-B2C6-D82C49D044CB}.Debug|Any CPU.ActiveCfg = Debug|Any CPU
		{E3C18076-0E28-4165-B2C6-D82C49D044CB}.Debug|Any CPU.Build.0 = Debug|Any CPU
		{E3C18076-0E28-4165-B2C6-D82C49D044CB}.Release|Any CPU.ActiveCfg = Release|Any CPU
		{E3C18076-0E28-4165-B2C6-D82C49D044CB}.Release|Any CPU.Build.0 = Release|Any CPU
	EndGlobalSection
	GlobalSection(SolutionProperties) = preSolution
		HideSolutionNode = FALSE
	EndGlobalSection
	GlobalSection(ExtensibilityGlobals) = postSolution
		SolutionGuid = {3CC5CF5D-364E-46D0-9286-5708F11433BD}
	EndGlobalSection
EndGlobal
